---
platforms:
  :branch: master
  :commit: 517d7d998edad1e56106c2751cf9dfb686d79ea5
euclid:
  :branch: master
  :commit: bfbb6661efe125554c489f28c26c8ddb1475f686
opencv:
  :branch: master
  :commit: 3d1c26836ee119e6f7f214b8ec8a0408a41bb7ed
transform-flow:
  :branch: master
  :commit: 24cf60108c8b9cd834e7701f173b747b292dd47f
variants:
  :branch: master
  :commit: 6f3c1de3c0a6254e1fed58fc68fd8a96218f28e7
platform-darwin-osx:
  :branch: master
  :commit: f4bc18296422582d8b31462664636e505cb251e9
platform-darwin-ios:
  :branch: master
  :commit: 3aac5dcd28f8a13db7891e230b621fa95f060636
png:
  :branch: master
  :commit: fbb8e7e1e8d68de4d6b533f3941af7739f8939a2
jpeg:
  :branch: master
  :commit: 30e2b40cd316e49d115425c92c82029a7806dd2b
dream:
  :branch: master
  :commit: 0d67847d485101f753e9e69dd380a7493ccaa96d
dream-imaging:
  :branch: master
  :commit: 4564d47e1b3aa5510260db5ad335b592738c973e
utf8:
  :branch: master
  :commit: 299d10bd57a4deda3e7f8ea0744d1be258b51d2b
unit-test:
  :branch: master
  :commit: 90d9132fc11641d3cdef1e642325b75b2b48ab3a
project:
  :branch: master
  :commit: 78e618fa6f3b6fd717c92d7c7af8345c604bf0f7
