// !$*UTF8*$!
{
	archiveVersion = 1;
	classes = {
	};
	objectVersion = 46;
	objects = {

/* Begin PBXBuildFile section */
		7E2336BA134AD1FF00BEFB33 /* UIKit.framework in Frameworks */ = {isa = PBXBuildFile; fileRef = 7E2336B9134AD1FF00BEFB33 /* UIKit.framework */; };
		7E2336BC134AD1FF00BEFB33 /* Foundation.framework in Frameworks */ = {isa = PBXBuildFile; fileRef = 7E2336BB134AD1FF00BEFB33 /* Foundation.framework */; };
		7E2336BE134AD1FF00BEFB33 /* CoreGraphics.framework in Frameworks */ = {isa = PBXBuildFile; fileRef = 7E2336BD134AD1FF00BEFB33 /* CoreGraphics.framework */; };
		7E2336C4134AD1FF00BEFB33 /* InfoPlist.strings in Resources */ = {isa = PBXBuildFile; fileRef = 7E2336C2134AD1FF00BEFB33 /* InfoPlist.strings */; };
		7E2336C7134AD1FF00BEFB33 /* main.m in Sources */ = {isa = PBXBuildFile; fileRef = 7E2336C6134AD1FF00BEFB33 /* main.m */; };
		7E2336CA134AD1FF00BEFB33 /* ARBrowserAppDelegate.mm in Sources */ = {isa = PBXBuildFile; fileRef = 7E2336C9134AD1FF00BEFB33 /* ARBrowserAppDelegate.mm */; };
		7E2336D0134AD1FF00BEFB33 /* ARBrowserViewController.mm in Sources */ = {isa = PBXBuildFile; fileRef = 7E2336CF134AD1FF00BEFB33 /* ARBrowserViewController.mm */; };
		7E23371E134AD67700BEFB33 /* CoreFoundation.framework in Frameworks */ = {isa = PBXBuildFile; fileRef = 7E23371D134AD67700BEFB33 /* CoreFoundation.framework */; };
		7E233720134AD67C00BEFB33 /* OpenGLES.framework in Frameworks */ = {isa = PBXBuildFile; fileRef = 7E23371F134AD67C00BEFB33 /* OpenGLES.framework */; };
		7E233722134AD6C100BEFB33 /* QuartzCore.framework in Frameworks */ = {isa = PBXBuildFile; fileRef = 7E233721134AD6C100BEFB33 /* QuartzCore.framework */; };
		7E233728134AE99D00BEFB33 /* ARVideoFrameController.m in Sources */ = {isa = PBXBuildFile; fileRef = 7E233727134AE99D00BEFB33 /* ARVideoFrameController.m */; };
		7E23372B134AEAC100BEFB33 /* ARVideoBackground.m in Sources */ = {isa = PBXBuildFile; fileRef = 7E23372A134AEAC100BEFB33 /* ARVideoBackground.m */; };
		7E23372D134B2D2000BEFB33 /* AVFoundation.framework in Frameworks */ = {isa = PBXBuildFile; fileRef = 7E23372C134B2D2000BEFB33 /* AVFoundation.framework */; };
		7E23372F134B3E1500BEFB33 /* CoreVideo.framework in Frameworks */ = {isa = PBXBuildFile; fileRef = 7E23372E134B3E1500BEFB33 /* CoreVideo.framework */; };
		7E233731134B3E5B00BEFB33 /* CoreMedia.framework in Frameworks */ = {isa = PBXBuildFile; fileRef = 7E233730134B3E5B00BEFB33 /* CoreMedia.framework */; };
		7E233735134B3FBF00BEFB33 /* ARRendering.mm in Sources */ = {isa = PBXBuildFile; fileRef = 7E233734134B3FBF00BEFB33 /* ARRendering.mm */; };
		7E233738134B40C200BEFB33 /* ARWorldLocation.mm in Sources */ = {isa = PBXBuildFile; fileRef = 7E233737134B40C200BEFB33 /* ARWorldLocation.mm */; };
		7E61C9741354A51B00857A4D /* CoreMotion.framework in Frameworks */ = {isa = PBXBuildFile; fileRef = 7E61C9731354A51B00857A4D /* CoreMotion.framework */; };
		7E61C9791354ACE200857A4D /* CoreLocation.framework in Frameworks */ = {isa = PBXBuildFile; fileRef = 7E61C9781354ACE200857A4D /* CoreLocation.framework */; };
		7E61C97C1354B44B00857A4D /* ARWorldPoint.mm in Sources */ = {isa = PBXBuildFile; fileRef = 7E61C97B1354B44B00857A4D /* ARWorldPoint.mm */; };
		7E61C97F1354B4E100857A4D /* ARModel.mm in Sources */ = {isa = PBXBuildFile; fileRef = 7E61C97E1354B4E000857A4D /* ARModel.mm */; };
		7E61C98B1354B69C00857A4D /* models in Resources */ = {isa = PBXBuildFile; fileRef = 7E61C98A1354B69C00857A4D /* models */; };
		7E75FF2318001BCD005AF7A4 /* target.png in Resources */ = {isa = PBXBuildFile; fileRef = 7E75FF2218001BCD005AF7A4 /* target.png */; };
		7E75FF241800213B005AF7A4 /* AudioToolbox.framework in Frameworks */ = {isa = PBXBuildFile; fileRef = 7E3CF614153EAD4300027867 /* AudioToolbox.framework */; };
		7E75FF28180023CF005AF7A4 /* crosshairs.png in Resources */ = {isa = PBXBuildFile; fileRef = 7E75FF27180023CF005AF7A4 /* crosshairs.png */; };
		7E7C050117E42E300087836F /* teapot.xcconfig in Resources */ = {isa = PBXBuildFile; fileRef = 7E7C04FF17E42E300087836F /* teapot.xcconfig */; };
		7E7C050217E42E300087836F /* transform-flow-browser-ios.xcconfig in Resources */ = {isa = PBXBuildFile; fileRef = 7E7C050017E42E300087836F /* transform-flow-browser-ios.xcconfig */; };
		7E8D4CB1134FE04A00868D6B /* ARBrowserView.mm in Sources */ = {isa = PBXBuildFile; fileRef = 7E8D4CB0134FE04A00868D6B /* ARBrowserView.mm */; };
		7E8DCF3417E4304800F4C833 /* ARMotionModelController.mm in Sources */ = {isa = PBXBuildFile; fileRef = 7E8DCF3317E4304800F4C833 /* ARMotionModelController.mm */; };
		7EBB6E2A13C5465A0028A3E7 /* ARMainWindow.xib in Resources */ = {isa = PBXBuildFile; fileRef = 7EBB6E2813C5465A0028A3E7 /* ARMainWindow.xib */; };
		7EBB6E2F13C550650028A3E7 /* MapKit.framework in Frameworks */ = {isa = PBXBuildFile; fileRef = 7EBB6E2E13C550650028A3E7 /* MapKit.framework */; };
		7EBB6E4613C5C50D0028A3E7 /* ARMapViewController.xib in Resources */ = {isa = PBXBuildFile; fileRef = 7EBB6E4913C5C50D0028A3E7 /* ARMapViewController.xib */; };
		7EBCD90913B85459007892CA /* ARObjectModel.mm in Sources */ = {isa = PBXBuildFile; fileRef = 7EBCD90813B85457007892CA /* ARObjectModel.mm */; };
		7EDA1D5013C49A7D00796B34 /* ARMapViewController.mm in Sources */ = {isa = PBXBuildFile; fileRef = 7EDA1D4F13C49A7D00796B34 /* ARMapViewController.mm */; };
		7EFDDECC13E8DB8C00155C2B /* ARViewModel.mm in Sources */ = {isa = PBXBuildFile; fileRef = 7EFDDECB13E8DB8C00155C2B /* ARViewModel.mm */; };
		7EFF636A17DFFC3D00440536 /* ARGLView.m in Sources */ = {isa = PBXBuildFile; fileRef = 7EFF636917DFFC3D00440536 /* ARGLView.m */; };
		7EFF636C17DFFCD700440536 /* GLKit.framework in Frameworks */ = {isa = PBXBuildFile; fileRef = 7EFF636B17DFFCD700440536 /* GLKit.framework */; };
		7EFF637017E00C9600440536 /* Default@2x.png in Resources */ = {isa = PBXBuildFile; fileRef = 7EFF636F17E00C9600440536 /* Default@2x.png */; };
		7EFF637217E00D9A00440536 /* Icon-57x57.png in Resources */ = {isa = PBXBuildFile; fileRef = 7EFF637117E00D9A00440536 /* Icon-57x57.png */; };
		7EFF637417E00D9D00440536 /* Icon-114x114.png in Resources */ = {isa = PBXBuildFile; fileRef = 7EFF637317E00D9D00440536 /* Icon-114x114.png */; };
		7EFF637617E00DF200440536 /* Icon-72x72.png in Resources */ = {isa = PBXBuildFile; fileRef = 7EFF637517E00DF200440536 /* Icon-72x72.png */; };
		7EFF637817E00E1100440536 /* Icon-144x144.png in Resources */ = {isa = PBXBuildFile; fileRef = 7EFF637717E00E1100440536 /* Icon-144x144.png */; };
		7EFF637A17E00E6200440536 /* Default-Portrait@2x~ipad.png in Resources */ = {isa = PBXBuildFile; fileRef = 7EFF637917E00E6200440536 /* Default-Portrait@2x~ipad.png */; };
		7EFF637D17E00EA200440536 /* Default-Landscape@2x~ipad.png in Resources */ = {isa = PBXBuildFile; fileRef = 7EFF637B17E00E6500440536 /* Default-Landscape@2x~ipad.png */; };
		7EFF638117E016DB00440536 /* BrowserIcon-512x512.png in Resources */ = {isa = PBXBuildFile; fileRef = 7EFF637F17E016DB00440536 /* BrowserIcon-512x512.png */; };
		7EFF638217E016DB00440536 /* MapIcon-512x512.png in Resources */ = {isa = PBXBuildFile; fileRef = 7EFF638017E016DB00440536 /* MapIcon-512x512.png */; };
		7EFF638517E0176D00440536 /* BrowserIcon@2x.png in Resources */ = {isa = PBXBuildFile; fileRef = 7EFF638317E0176D00440536 /* BrowserIcon@2x.png */; };
		7EFF638617E0176D00440536 /* MapIcon@2x.png in Resources */ = {isa = PBXBuildFile; fileRef = 7EFF638417E0176D00440536 /* MapIcon@2x.png */; };
		7EFF638917E017B900440536 /* BrowserIcon.png in Resources */ = {isa = PBXBuildFile; fileRef = 7EFF638717E017B900440536 /* BrowserIcon.png */; };
		7EFF638A17E017B900440536 /* MapIcon.png in Resources */ = {isa = PBXBuildFile; fileRef = 7EFF638817E017B900440536 /* MapIcon.png */; };
		7EFF638C17E01F2600440536 /* Default-568h@2x.png in Resources */ = {isa = PBXBuildFile; fileRef = 7EFF638B17E01F2500440536 /* Default-568h@2x.png */; };
/* End PBXBuildFile section */

/* Begin PBXFileReference section */
		7E2336B5134AD1FF00BEFB33 /* ARBrowser.app */ = {isa = PBXFileReference; explicitFileType = wrapper.application; includeInIndex = 0; path = ARBrowser.app; sourceTree = BUILT_PRODUCTS_DIR; };
		7E2336B9134AD1FF00BEFB33 /* UIKit.framework */ = {isa = PBXFileReference; lastKnownFileType = wrapper.framework; name = UIKit.framework; path = System/Library/Frameworks/UIKit.framework; sourceTree = SDKROOT; };
		7E2336BB134AD1FF00BEFB33 /* Foundation.framework */ = {isa = PBXFileReference; lastKnownFileType = wrapper.framework; name = Foundation.framework; path = System/Library/Frameworks/Foundation.framework; sourceTree = SDKROOT; };
		7E2336BD134AD1FF00BEFB33 /* CoreGraphics.framework */ = {isa = PBXFileReference; lastKnownFileType = wrapper.framework; name = CoreGraphics.framework; path = System/Library/Frameworks/CoreGraphics.framework; sourceTree = SDKROOT; };
		7E2336C1134AD1FF00BEFB33 /* ARBrowser-Info.plist */ = {isa = PBXFileReference; lastKnownFileType = text.plist.xml; path = "ARBrowser-Info.plist"; sourceTree = "<group>"; };
		7E2336C3134AD1FF00BEFB33 /* en */ = {isa = PBXFileReference; lastKnownFileType = text.plist.strings; name = en; path = en.lproj/InfoPlist.strings; sourceTree = "<group>"; };
		7E2336C5134AD1FF00BEFB33 /* ARBrowser-Prefix.pch */ = {isa = PBXFileReference; lastKnownFileType = sourcecode.c.h; path = "ARBrowser-Prefix.pch"; sourceTree = "<group>"; };
		7E2336C6134AD1FF00BEFB33 /* main.m */ = {isa = PBXFileReference; lastKnownFileType = sourcecode.c.objc; path = main.m; sourceTree = "<group>"; };
		7E2336C8134AD1FF00BEFB33 /* ARBrowserAppDelegate.h */ = {isa = PBXFileReference; lastKnownFileType = sourcecode.c.h; path = ARBrowserAppDelegate.h; sourceTree = "<group>"; };
		7E2336C9134AD1FF00BEFB33 /* ARBrowserAppDelegate.mm */ = {isa = PBXFileReference; lastKnownFileType = sourcecode.cpp.objcpp; path = ARBrowserAppDelegate.mm; sourceTree = "<group>"; };
		7E2336CE134AD1FF00BEFB33 /* ARBrowserViewController.h */ = {isa = PBXFileReference; lastKnownFileType = sourcecode.c.h; path = ARBrowserViewController.h; sourceTree = "<group>"; };
		7E2336CF134AD1FF00BEFB33 /* ARBrowserViewController.mm */ = {isa = PBXFileReference; lastKnownFileType = sourcecode.cpp.objcpp; path = ARBrowserViewController.mm; sourceTree = "<group>"; };
		7E23371D134AD67700BEFB33 /* CoreFoundation.framework */ = {isa = PBXFileReference; lastKnownFileType = wrapper.framework; name = CoreFoundation.framework; path = System/Library/Frameworks/CoreFoundation.framework; sourceTree = SDKROOT; };
		7E23371F134AD67C00BEFB33 /* OpenGLES.framework */ = {isa = PBXFileReference; lastKnownFileType = wrapper.framework; name = OpenGLES.framework; path = System/Library/Frameworks/OpenGLES.framework; sourceTree = SDKROOT; };
		7E233721134AD6C100BEFB33 /* QuartzCore.framework */ = {isa = PBXFileReference; lastKnownFileType = wrapper.framework; name = QuartzCore.framework; path = System/Library/Frameworks/QuartzCore.framework; sourceTree = SDKROOT; };
		7E233726134AE99D00BEFB33 /* ARVideoFrameController.h */ = {isa = PBXFileReference; fileEncoding = 4; lastKnownFileType = sourcecode.c.h; path = ARVideoFrameController.h; sourceTree = "<group>"; };
		7E233727134AE99D00BEFB33 /* ARVideoFrameController.m */ = {isa = PBXFileReference; fileEncoding = 4; lastKnownFileType = sourcecode.c.objc; path = ARVideoFrameController.m; sourceTree = "<group>"; };
		7E233729134AEAC100BEFB33 /* ARVideoBackground.h */ = {isa = PBXFileReference; fileEncoding = 4; lastKnownFileType = sourcecode.c.h; path = ARVideoBackground.h; sourceTree = "<group>"; };
		7E23372A134AEAC100BEFB33 /* ARVideoBackground.m */ = {isa = PBXFileReference; fileEncoding = 4; lastKnownFileType = sourcecode.c.objc; path = ARVideoBackground.m; sourceTree = "<group>"; };
		7E23372C134B2D2000BEFB33 /* AVFoundation.framework */ = {isa = PBXFileReference; lastKnownFileType = wrapper.framework; name = AVFoundation.framework; path = System/Library/Frameworks/AVFoundation.framework; sourceTree = SDKROOT; };
		7E23372E134B3E1500BEFB33 /* CoreVideo.framework */ = {isa = PBXFileReference; lastKnownFileType = wrapper.framework; name = CoreVideo.framework; path = System/Library/Frameworks/CoreVideo.framework; sourceTree = SDKROOT; };
		7E233730134B3E5B00BEFB33 /* CoreMedia.framework */ = {isa = PBXFileReference; lastKnownFileType = wrapper.framework; name = CoreMedia.framework; path = System/Library/Frameworks/CoreMedia.framework; sourceTree = SDKROOT; };
		7E233733134B3FBF00BEFB33 /* ARRendering.h */ = {isa = PBXFileReference; fileEncoding = 4; lastKnownFileType = sourcecode.c.h; path = ARRendering.h; sourceTree = "<group>"; };
		7E233734134B3FBF00BEFB33 /* ARRendering.mm */ = {isa = PBXFileReference; fileEncoding = 4; lastKnownFileType = sourcecode.cpp.objcpp; path = ARRendering.mm; sourceTree = "<group>"; };
		7E233736134B40C200BEFB33 /* ARWorldLocation.h */ = {isa = PBXFileReference; fileEncoding = 4; lastKnownFileType = sourcecode.c.h; path = ARWorldLocation.h; sourceTree = "<group>"; };
		7E233737134B40C200BEFB33 /* ARWorldLocation.mm */ = {isa = PBXFileReference; fileEncoding = 4; lastKnownFileType = sourcecode.cpp.objcpp; path = ARWorldLocation.mm; sourceTree = "<group>"; };
		7E3CF614153EAD4300027867 /* AudioToolbox.framework */ = {isa = PBXFileReference; lastKnownFileType = wrapper.framework; name = AudioToolbox.framework; path = System/Library/Frameworks/AudioToolbox.framework; sourceTree = SDKROOT; };
		7E61C9731354A51B00857A4D /* CoreMotion.framework */ = {isa = PBXFileReference; lastKnownFileType = wrapper.framework; name = CoreMotion.framework; path = System/Library/Frameworks/CoreMotion.framework; sourceTree = SDKROOT; };
		7E61C9781354ACE200857A4D /* CoreLocation.framework */ = {isa = PBXFileReference; lastKnownFileType = wrapper.framework; name = CoreLocation.framework; path = System/Library/Frameworks/CoreLocation.framework; sourceTree = SDKROOT; };
		7E61C97A1354B44B00857A4D /* ARWorldPoint.h */ = {isa = PBXFileReference; fileEncoding = 4; lastKnownFileType = sourcecode.c.h; path = ARWorldPoint.h; sourceTree = "<group>"; };
		7E61C97B1354B44B00857A4D /* ARWorldPoint.mm */ = {isa = PBXFileReference; fileEncoding = 4; lastKnownFileType = sourcecode.cpp.objcpp; path = ARWorldPoint.mm; sourceTree = "<group>"; };
		7E61C97D1354B4E000857A4D /* ARModel.h */ = {isa = PBXFileReference; fileEncoding = 4; lastKnownFileType = sourcecode.c.h; path = ARModel.h; sourceTree = "<group>"; };
		7E61C97E1354B4E000857A4D /* ARModel.mm */ = {isa = PBXFileReference; fileEncoding = 4; lastKnownFileType = sourcecode.cpp.objcpp; path = ARModel.mm; sourceTree = "<group>"; };
		7E61C98A1354B69C00857A4D /* models */ = {isa = PBXFileReference; lastKnownFileType = folder; path = models; sourceTree = "<group>"; };
		7E75FF2218001BCD005AF7A4 /* target.png */ = {isa = PBXFileReference; lastKnownFileType = image.png; path = target.png; sourceTree = "<group>"; };
		7E75FF27180023CF005AF7A4 /* crosshairs.png */ = {isa = PBXFileReference; lastKnownFileType = image.png; path = crosshairs.png; sourceTree = "<group>"; };
		7E7C04FF17E42E300087836F /* teapot.xcconfig */ = {isa = PBXFileReference; fileEncoding = 4; lastKnownFileType = text.xcconfig; name = teapot.xcconfig; path = teapot/teapot.xcconfig; sourceTree = "<group>"; };
		7E7C050017E42E300087836F /* transform-flow-browser-ios.xcconfig */ = {isa = PBXFileReference; fileEncoding = 4; lastKnownFileType = text.xcconfig; name = "transform-flow-browser-ios.xcconfig"; path = "teapot/transform-flow-browser-ios.xcconfig"; sourceTree = "<group>"; };
		7E8D4CAF134FE04A00868D6B /* ARBrowserView.h */ = {isa = PBXFileReference; fileEncoding = 4; lastKnownFileType = sourcecode.c.h; path = ARBrowserView.h; sourceTree = "<group>"; };
		7E8D4CB0134FE04A00868D6B /* ARBrowserView.mm */ = {isa = PBXFileReference; fileEncoding = 4; lastKnownFileType = sourcecode.cpp.objcpp; path = ARBrowserView.mm; sourceTree = "<group>"; };
		7E8DCF3217E4304800F4C833 /* ARMotionModelController.h */ = {isa = PBXFileReference; fileEncoding = 4; lastKnownFileType = sourcecode.c.h; path = ARMotionModelController.h; sourceTree = "<group>"; };
		7E8DCF3317E4304800F4C833 /* ARMotionModelController.mm */ = {isa = PBXFileReference; fileEncoding = 4; lastKnownFileType = sourcecode.cpp.objcpp; path = ARMotionModelController.mm; sourceTree = "<group>"; };
		7EBB6E2913C5465A0028A3E7 /* en */ = {isa = PBXFileReference; lastKnownFileType = file.xib; name = en; path = en.lproj/ARMainWindow.xib; sourceTree = "<group>"; };
		7EBB6E2E13C550650028A3E7 /* MapKit.framework */ = {isa = PBXFileReference; lastKnownFileType = wrapper.framework; name = MapKit.framework; path = System/Library/Frameworks/MapKit.framework; sourceTree = SDKROOT; };
		7EBB6E4813C5C50D0028A3E7 /* en */ = {isa = PBXFileReference; lastKnownFileType = file.xib; name = en; path = en.lproj/ARMapViewController.xib; sourceTree = "<group>"; };
		7EBCD90713B85456007892CA /* ARObjectModel.h */ = {isa = PBXFileReference; fileEncoding = 4; lastKnownFileType = sourcecode.c.h; path = ARObjectModel.h; sourceTree = "<group>"; };
		7EBCD90813B85457007892CA /* ARObjectModel.mm */ = {isa = PBXFileReference; fileEncoding = 4; lastKnownFileType = sourcecode.cpp.objcpp; path = ARObjectModel.mm; sourceTree = "<group>"; };
		7EBE522A14D60FC80054B478 /* ImageIO.framework */ = {isa = PBXFileReference; lastKnownFileType = wrapper.framework; name = ImageIO.framework; path = System/Library/Frameworks/ImageIO.framework; sourceTree = SDKROOT; };
		7EC0D42F151ED81A006F1D9F /* AppKit.framework */ = {isa = PBXFileReference; lastKnownFileType = wrapper.framework; name = AppKit.framework; path = Library/Frameworks/AppKit.framework; sourceTree = SDKROOT; };
		7EC0D430151ED81A006F1D9F /* CoreData.framework */ = {isa = PBXFileReference; lastKnownFileType = wrapper.framework; name = CoreData.framework; path = Library/Frameworks/CoreData.framework; sourceTree = SDKROOT; };
		7EC0D431151ED81A006F1D9F /* Foundation.framework */ = {isa = PBXFileReference; lastKnownFileType = wrapper.framework; name = Foundation.framework; path = Library/Frameworks/Foundation.framework; sourceTree = SDKROOT; };
		7EDA1D4E13C49A7D00796B34 /* ARMapViewController.h */ = {isa = PBXFileReference; fileEncoding = 4; lastKnownFileType = sourcecode.c.h; path = ARMapViewController.h; sourceTree = "<group>"; };
		7EDA1D4F13C49A7D00796B34 /* ARMapViewController.mm */ = {isa = PBXFileReference; fileEncoding = 4; lastKnownFileType = sourcecode.cpp.objcpp; path = ARMapViewController.mm; sourceTree = "<group>"; };
		7EFDDECA13E8DB8C00155C2B /* ARViewModel.h */ = {isa = PBXFileReference; fileEncoding = 4; lastKnownFileType = sourcecode.c.h; path = ARViewModel.h; sourceTree = "<group>"; };
		7EFDDECB13E8DB8C00155C2B /* ARViewModel.mm */ = {isa = PBXFileReference; fileEncoding = 4; lastKnownFileType = sourcecode.cpp.objcpp; path = ARViewModel.mm; sourceTree = "<group>"; };
		7EFF636817DFFC3D00440536 /* ARGLView.h */ = {isa = PBXFileReference; fileEncoding = 4; lastKnownFileType = sourcecode.c.h; path = ARGLView.h; sourceTree = "<group>"; };
		7EFF636917DFFC3D00440536 /* ARGLView.m */ = {isa = PBXFileReference; fileEncoding = 4; lastKnownFileType = sourcecode.c.objc; path = ARGLView.m; sourceTree = "<group>"; };
		7EFF636B17DFFCD700440536 /* GLKit.framework */ = {isa = PBXFileReference; lastKnownFileType = wrapper.framework; name = GLKit.framework; path = System/Library/Frameworks/GLKit.framework; sourceTree = SDKROOT; };
		7EFF636F17E00C9600440536 /* Default@2x.png */ = {isa = PBXFileReference; lastKnownFileType = image.png; path = "Default@2x.png"; sourceTree = "<group>"; };
		7EFF637117E00D9A00440536 /* Icon-57x57.png */ = {isa = PBXFileReference; lastKnownFileType = image.png; path = "Icon-57x57.png"; sourceTree = "<group>"; };
		7EFF637317E00D9D00440536 /* Icon-114x114.png */ = {isa = PBXFileReference; lastKnownFileType = image.png; path = "Icon-114x114.png"; sourceTree = "<group>"; };
		7EFF637517E00DF200440536 /* Icon-72x72.png */ = {isa = PBXFileReference; lastKnownFileType = image.png; path = "Icon-72x72.png"; sourceTree = "<group>"; };
		7EFF637717E00E1100440536 /* Icon-144x144.png */ = {isa = PBXFileReference; lastKnownFileType = image.png; path = "Icon-144x144.png"; sourceTree = "<group>"; };
		7EFF637917E00E6200440536 /* Default-Portrait@2x~ipad.png */ = {isa = PBXFileReference; lastKnownFileType = image.png; path = "Default-Portrait@2x~ipad.png"; sourceTree = "<group>"; };
		7EFF637B17E00E6500440536 /* Default-Landscape@2x~ipad.png */ = {isa = PBXFileReference; lastKnownFileType = image.png; path = "Default-Landscape@2x~ipad.png"; sourceTree = "<group>"; };
		7EFF637F17E016DB00440536 /* BrowserIcon-512x512.png */ = {isa = PBXFileReference; lastKnownFileType = image.png; path = "BrowserIcon-512x512.png"; sourceTree = "<group>"; };
		7EFF638017E016DB00440536 /* MapIcon-512x512.png */ = {isa = PBXFileReference; lastKnownFileType = image.png; path = "MapIcon-512x512.png"; sourceTree = "<group>"; };
		7EFF638317E0176D00440536 /* BrowserIcon@2x.png */ = {isa = PBXFileReference; lastKnownFileType = image.png; path = "BrowserIcon@2x.png"; sourceTree = "<group>"; };
		7EFF638417E0176D00440536 /* MapIcon@2x.png */ = {isa = PBXFileReference; lastKnownFileType = image.png; path = "MapIcon@2x.png"; sourceTree = "<group>"; };
		7EFF638717E017B900440536 /* BrowserIcon.png */ = {isa = PBXFileReference; lastKnownFileType = image.png; path = BrowserIcon.png; sourceTree = "<group>"; };
		7EFF638817E017B900440536 /* MapIcon.png */ = {isa = PBXFileReference; lastKnownFileType = image.png; path = MapIcon.png; sourceTree = "<group>"; };
		7EFF638B17E01F2500440536 /* Default-568h@2x.png */ = {isa = PBXFileReference; lastKnownFileType = image.png; path = "Default-568h@2x.png"; sourceTree = "<group>"; };
/* End PBXFileReference section */

/* Begin PBXFrameworksBuildPhase section */
		7E2336B2134AD1FF00BEFB33 /* Frameworks */ = {
			isa = PBXFrameworksBuildPhase;
			buildActionMask = 2147483647;
			files = (
				7E75FF241800213B005AF7A4 /* AudioToolbox.framework in Frameworks */,
				7EFF636C17DFFCD700440536 /* GLKit.framework in Frameworks */,
				7EBB6E2F13C550650028A3E7 /* MapKit.framework in Frameworks */,
				7E61C9791354ACE200857A4D /* CoreLocation.framework in Frameworks */,
				7E61C9741354A51B00857A4D /* CoreMotion.framework in Frameworks */,
				7E233731134B3E5B00BEFB33 /* CoreMedia.framework in Frameworks */,
				7E23372F134B3E1500BEFB33 /* CoreVideo.framework in Frameworks */,
				7E23372D134B2D2000BEFB33 /* AVFoundation.framework in Frameworks */,
				7E233722134AD6C100BEFB33 /* QuartzCore.framework in Frameworks */,
				7E2336BA134AD1FF00BEFB33 /* UIKit.framework in Frameworks */,
				7E2336BC134AD1FF00BEFB33 /* Foundation.framework in Frameworks */,
				7E2336BE134AD1FF00BEFB33 /* CoreGraphics.framework in Frameworks */,
				7E23371E134AD67700BEFB33 /* CoreFoundation.framework in Frameworks */,
				7E233720134AD67C00BEFB33 /* OpenGLES.framework in Frameworks */,
			);
			runOnlyForDeploymentPostprocessing = 0;
		};
/* End PBXFrameworksBuildPhase section */

/* Begin PBXGroup section */
		7E2336AA134AD1FF00BEFB33 = {
			isa = PBXGroup;
			children = (
				7E2336BF134AD1FF00BEFB33 /* ARBrowser */,
				7E2336B8134AD1FF00BEFB33 /* Frameworks */,
				7E2336B6134AD1FF00BEFB33 /* Products */,
			);
			sourceTree = "<group>";
		};
		7E2336B6134AD1FF00BEFB33 /* Products */ = {
			isa = PBXGroup;
			children = (
				7E2336B5134AD1FF00BEFB33 /* ARBrowser.app */,
			);
			name = Products;
			sourceTree = "<group>";
		};
		7E2336B8134AD1FF00BEFB33 /* Frameworks */ = {
			isa = PBXGroup;
			children = (
				7E7C04FF17E42E300087836F /* teapot.xcconfig */,
				7E7C050017E42E300087836F /* transform-flow-browser-ios.xcconfig */,
				7EFF636B17DFFCD700440536 /* GLKit.framework */,
				7E3CF614153EAD4300027867 /* AudioToolbox.framework */,
				7EBE522A14D60FC80054B478 /* ImageIO.framework */,
				7EBB6E2E13C550650028A3E7 /* MapKit.framework */,
				7E61C9781354ACE200857A4D /* CoreLocation.framework */,
				7E61C9731354A51B00857A4D /* CoreMotion.framework */,
				7E233730134B3E5B00BEFB33 /* CoreMedia.framework */,
				7E23372E134B3E1500BEFB33 /* CoreVideo.framework */,
				7E23372C134B2D2000BEFB33 /* AVFoundation.framework */,
				7E233721134AD6C100BEFB33 /* QuartzCore.framework */,
				7E23371F134AD67C00BEFB33 /* OpenGLES.framework */,
				7E23371D134AD67700BEFB33 /* CoreFoundation.framework */,
				7E2336B9134AD1FF00BEFB33 /* UIKit.framework */,
				7E2336BB134AD1FF00BEFB33 /* Foundation.framework */,
				7E2336BD134AD1FF00BEFB33 /* CoreGraphics.framework */,
				7EC0D42E151ED81A006F1D9F /* Other Frameworks */,
			);
			name = Frameworks;
			sourceTree = "<group>";
		};
		7E2336BF134AD1FF00BEFB33 /* ARBrowser */ = {
			isa = PBXGroup;
			children = (
				7EBB6E2813C5465A0028A3E7 /* ARMainWindow.xib */,
				7E2336C8134AD1FF00BEFB33 /* ARBrowserAppDelegate.h */,
				7E2336C9134AD1FF00BEFB33 /* ARBrowserAppDelegate.mm */,
				7E2336CE134AD1FF00BEFB33 /* ARBrowserViewController.h */,
				7E2336CF134AD1FF00BEFB33 /* ARBrowserViewController.mm */,
				7E233736134B40C200BEFB33 /* ARWorldLocation.h */,
				7E233737134B40C200BEFB33 /* ARWorldLocation.mm */,
				7EBB6E4913C5C50D0028A3E7 /* ARMapViewController.xib */,
				7EDA1D4E13C49A7D00796B34 /* ARMapViewController.h */,
				7EDA1D4F13C49A7D00796B34 /* ARMapViewController.mm */,
				7E61C97A1354B44B00857A4D /* ARWorldPoint.h */,
				7E61C97B1354B44B00857A4D /* ARWorldPoint.mm */,
				7E233726134AE99D00BEFB33 /* ARVideoFrameController.h */,
				7E233727134AE99D00BEFB33 /* ARVideoFrameController.m */,
				7E233729134AEAC100BEFB33 /* ARVideoBackground.h */,
				7E23372A134AEAC100BEFB33 /* ARVideoBackground.m */,
				7EFF636817DFFC3D00440536 /* ARGLView.h */,
				7EFF636917DFFC3D00440536 /* ARGLView.m */,
				7E8D4CAF134FE04A00868D6B /* ARBrowserView.h */,
				7E8D4CB0134FE04A00868D6B /* ARBrowserView.mm */,
				7E8DCF3217E4304800F4C833 /* ARMotionModelController.h */,
				7E8DCF3317E4304800F4C833 /* ARMotionModelController.mm */,
				7EFF636717DFFBFF00440536 /* Model */,
				7EFF637E17E00EFA00440536 /* Images */,
				7E233732134B3F6500BEFB33 /* Internal */,
				7E2336C0134AD1FF00BEFB33 /* Supporting Files */,
			);
			name = ARBrowser;
			path = source/ARBrowser;
			sourceTree = "<group>";
		};
		7E2336C0134AD1FF00BEFB33 /* Supporting Files */ = {
			isa = PBXGroup;
			children = (
				7E61C98A1354B69C00857A4D /* models */,
				7E2336C1134AD1FF00BEFB33 /* ARBrowser-Info.plist */,
				7E2336C2134AD1FF00BEFB33 /* InfoPlist.strings */,
				7E2336C5134AD1FF00BEFB33 /* ARBrowser-Prefix.pch */,
				7E2336C6134AD1FF00BEFB33 /* main.m */,
			);
			name = "Supporting Files";
			sourceTree = "<group>";
		};
		7E233732134B3F6500BEFB33 /* Internal */ = {
			isa = PBXGroup;
			children = (
				7E233733134B3FBF00BEFB33 /* ARRendering.h */,
				7E233734134B3FBF00BEFB33 /* ARRendering.mm */,
			);
			name = Internal;
			sourceTree = "<group>";
		};
		7EC0D42E151ED81A006F1D9F /* Other Frameworks */ = {
			isa = PBXGroup;
			children = (
				7EC0D42F151ED81A006F1D9F /* AppKit.framework */,
				7EC0D430151ED81A006F1D9F /* CoreData.framework */,
				7EC0D431151ED81A006F1D9F /* Foundation.framework */,
			);
			name = "Other Frameworks";
			sourceTree = "<group>";
		};
		7EFF636717DFFBFF00440536 /* Model */ = {
			isa = PBXGroup;
			children = (
				7E61C97D1354B4E000857A4D /* ARModel.h */,
				7E61C97E1354B4E000857A4D /* ARModel.mm */,
				7EBCD90713B85456007892CA /* ARObjectModel.h */,
				7EBCD90813B85457007892CA /* ARObjectModel.mm */,
				7EFDDECA13E8DB8C00155C2B /* ARViewModel.h */,
				7EFDDECB13E8DB8C00155C2B /* ARViewModel.mm */,
			);
			name = Model;
			sourceTree = "<group>";
		};
		7EFF637E17E00EFA00440536 /* Images */ = {
			isa = PBXGroup;
			children = (
				7E75FF27180023CF005AF7A4 /* crosshairs.png */,
				7E75FF2218001BCD005AF7A4 /* target.png */,
				7EFF638717E017B900440536 /* BrowserIcon.png */,
				7EFF638817E017B900440536 /* MapIcon.png */,
				7EFF638317E0176D00440536 /* BrowserIcon@2x.png */,
				7EFF638417E0176D00440536 /* MapIcon@2x.png */,
				7EFF637F17E016DB00440536 /* BrowserIcon-512x512.png */,
				7EFF638017E016DB00440536 /* MapIcon-512x512.png */,
				7EFF637B17E00E6500440536 /* Default-Landscape@2x~ipad.png */,
				7EFF637917E00E6200440536 /* Default-Portrait@2x~ipad.png */,
				7EFF637717E00E1100440536 /* Icon-144x144.png */,
				7EFF637517E00DF200440536 /* Icon-72x72.png */,
				7EFF637317E00D9D00440536 /* Icon-114x114.png */,
				7EFF637117E00D9A00440536 /* Icon-57x57.png */,
				7EFF636F17E00C9600440536 /* Default@2x.png */,
				7EFF638B17E01F2500440536 /* Default-568h@2x.png */,
			);
			name = Images;
			path = images;
			sourceTree = "<group>";
		};
/* End PBXGroup section */

/* Begin PBXNativeTarget section */
		7E2336B4134AD1FF00BEFB33 /* ARBrowser */ = {
			isa = PBXNativeTarget;
			buildConfigurationList = 7E2336D6134AD1FF00BEFB33 /* Build configuration list for PBXNativeTarget "ARBrowser" */;
			buildPhases = (
				7E2336B1134AD1FF00BEFB33 /* Sources */,
				7E2336B2134AD1FF00BEFB33 /* Frameworks */,
				7E2336B3134AD1FF00BEFB33 /* Resources */,
			);
			buildRules = (
			);
			dependencies = (
			);
			name = ARBrowser;
			productName = ARBrowser;
			productReference = 7E2336B5134AD1FF00BEFB33 /* ARBrowser.app */;
			productType = "com.apple.product-type.application";
		};
/* End PBXNativeTarget section */

/* Begin PBXProject section */
		7E2336AC134AD1FF00BEFB33 /* Project object */ = {
			isa = PBXProject;
			attributes = {
				CLASSPREFIX = AR;
				LastUpgradeCheck = 0420;
				ORGANIZATIONNAME = "";
			};
			buildConfigurationList = 7E2336AF134AD1FF00BEFB33 /* Build configuration list for PBXProject "ARBrowser" */;
			compatibilityVersion = "Xcode 3.2";
			developmentRegion = English;
			hasScannedForEncodings = 0;
			knownRegions = (
				en,
			);
			mainGroup = 7E2336AA134AD1FF00BEFB33;
			productRefGroup = 7E2336B6134AD1FF00BEFB33 /* Products */;
			projectDirPath = "";
			projectRoot = "";
			targets = (
				7E2336B4134AD1FF00BEFB33 /* ARBrowser */,
			);
		};
/* End PBXProject section */

/* Begin PBXResourcesBuildPhase section */
		7E2336B3134AD1FF00BEFB33 /* Resources */ = {
			isa = PBXResourcesBuildPhase;
			buildActionMask = 2147483647;
			files = (
				7E2336C4134AD1FF00BEFB33 /* InfoPlist.strings in Resources */,
				7E61C98B1354B69C00857A4D /* models in Resources */,
				7EBB6E4613C5C50D0028A3E7 /* ARMapViewController.xib in Resources */,
				7EBB6E2A13C5465A0028A3E7 /* ARMainWindow.xib in Resources */,
				7EFF637017E00C9600440536 /* Default@2x.png in Resources */,
				7E75FF2318001BCD005AF7A4 /* target.png in Resources */,
				7EFF637217E00D9A00440536 /* Icon-57x57.png in Resources */,
				7EFF637417E00D9D00440536 /* Icon-114x114.png in Resources */,
				7EFF637617E00DF200440536 /* Icon-72x72.png in Resources */,
				7EFF637817E00E1100440536 /* Icon-144x144.png in Resources */,
				7EFF637A17E00E6200440536 /* Default-Portrait@2x~ipad.png in Resources */,
				7EFF637D17E00EA200440536 /* Default-Landscape@2x~ipad.png in Resources */,
				7EFF638117E016DB00440536 /* BrowserIcon-512x512.png in Resources */,
				7E75FF28180023CF005AF7A4 /* crosshairs.png in Resources */,
				7EFF638217E016DB00440536 /* MapIcon-512x512.png in Resources */,
				7EFF638517E0176D00440536 /* BrowserIcon@2x.png in Resources */,
				7EFF638617E0176D00440536 /* MapIcon@2x.png in Resources */,
				7EFF638917E017B900440536 /* BrowserIcon.png in Resources */,
				7EFF638A17E017B900440536 /* MapIcon.png in Resources */,
				7EFF638C17E01F2600440536 /* Default-568h@2x.png in Resources */,
				7E7C050117E42E300087836F /* teapot.xcconfig in Resources */,
				7E7C050217E42E300087836F /* transform-flow-browser-ios.xcconfig in Resources */,
			);
			runOnlyForDeploymentPostprocessing = 0;
		};
/* End PBXResourcesBuildPhase section */

/* Begin PBXSourcesBuildPhase section */
		7E2336B1134AD1FF00BEFB33 /* Sources */ = {
			isa = PBXSourcesBuildPhase;
			buildActionMask = 2147483647;
			files = (
				7E2336C7134AD1FF00BEFB33 /* main.m in Sources */,
				7E2336CA134AD1FF00BEFB33 /* ARBrowserAppDelegate.mm in Sources */,
				7E2336D0134AD1FF00BEFB33 /* ARBrowserViewController.mm in Sources */,
				7E233728134AE99D00BEFB33 /* ARVideoFrameController.m in Sources */,
				7E23372B134AEAC100BEFB33 /* ARVideoBackground.m in Sources */,
				7E233735134B3FBF00BEFB33 /* ARRendering.mm in Sources */,
				7E233738134B40C200BEFB33 /* ARWorldLocation.mm in Sources */,
				7E8D4CB1134FE04A00868D6B /* ARBrowserView.mm in Sources */,
				7E61C97C1354B44B00857A4D /* ARWorldPoint.mm in Sources */,
				7E61C97F1354B4E100857A4D /* ARModel.mm in Sources */,
				7EBCD90913B85459007892CA /* ARObjectModel.mm in Sources */,
				7EDA1D5013C49A7D00796B34 /* ARMapViewController.mm in Sources */,
				7EFDDECC13E8DB8C00155C2B /* ARViewModel.mm in Sources */,
				7EFF636A17DFFC3D00440536 /* ARGLView.m in Sources */,
				7E8DCF3417E4304800F4C833 /* ARMotionModelController.mm in Sources */,
			);
			runOnlyForDeploymentPostprocessing = 0;
		};
/* End PBXSourcesBuildPhase section */

/* Begin PBXVariantGroup section */
		7E2336C2134AD1FF00BEFB33 /* InfoPlist.strings */ = {
			isa = PBXVariantGroup;
			children = (
				7E2336C3134AD1FF00BEFB33 /* en */,
			);
			name = InfoPlist.strings;
			sourceTree = "<group>";
		};
		7EBB6E2813C5465A0028A3E7 /* ARMainWindow.xib */ = {
			isa = PBXVariantGroup;
			children = (
				7EBB6E2913C5465A0028A3E7 /* en */,
			);
			name = ARMainWindow.xib;
			sourceTree = "<group>";
		};
		7EBB6E4913C5C50D0028A3E7 /* ARMapViewController.xib */ = {
			isa = PBXVariantGroup;
			children = (
				7EBB6E4813C5C50D0028A3E7 /* en */,
			);
			name = ARMapViewController.xib;
			sourceTree = "<group>";
		};
/* End PBXVariantGroup section */

/* Begin XCBuildConfiguration section */
		7E2336D4134AD1FF00BEFB33 /* Debug */ = {
			isa = XCBuildConfiguration;
			baseConfigurationReference = 7E7C050017E42E300087836F /* transform-flow-browser-ios.xcconfig */;
			buildSettings = {
				ARCHS = "$(ARCHS_STANDARD_32_BIT)";
				CLANG_ENABLE_OBJC_ARC = YES;
				"CODE_SIGN_IDENTITY[sdk=iphoneos*]" = "iPhone Developer";
				GCC_C_LANGUAGE_STANDARD = gnu99;
				GCC_OPTIMIZATION_LEVEL = 0;
				GCC_PREPROCESSOR_DEFINITIONS = DEBUG;
				GCC_VERSION = com.apple.compilers.llvmgcc42;
				GCC_WARN_ABOUT_RETURN_TYPE = YES;
				GCC_WARN_UNUSED_VARIABLE = YES;
				IPHONEOS_DEPLOYMENT_TARGET = 6.0;
				SDKROOT = iphoneos;
			};
			name = Debug;
		};
		7E2336D5134AD1FF00BEFB33 /* Release */ = {
			isa = XCBuildConfiguration;
			buildSettings = {
				ARCHS = "$(ARCHS_STANDARD_32_BIT)";
				CLANG_ENABLE_OBJC_ARC = YES;
				"CODE_SIGN_IDENTITY[sdk=iphoneos*]" = "iPhone Developer";
				GCC_C_LANGUAGE_STANDARD = gnu99;
				GCC_VERSION = com.apple.compilers.llvmgcc42;
				GCC_WARN_ABOUT_RETURN_TYPE = YES;
				GCC_WARN_UNUSED_VARIABLE = YES;
				IPHONEOS_DEPLOYMENT_TARGET = 6.0;
				OTHER_CFLAGS = "-DNS_BLOCK_ASSERTIONS=1";
				SDKROOT = iphoneos;
			};
			name = Release;
		};
		7E2336D7134AD1FF00BEFB33 /* Debug */ = {
			isa = XCBuildConfiguration;
			buildSettings = {
				ALWAYS_SEARCH_USER_PATHS = NO;
				COPY_PHASE_STRIP = NO;
				GCC_DYNAMIC_NO_PIC = NO;
				GCC_PRECOMPILE_PREFIX_HEADER = YES;
				GCC_PREFIX_HEADER = "source/ARBrowser/ARBrowser-Prefix.pch";
				GCC_THUMB_SUPPORT = NO;
				GCC_VERSION = com.apple.compilers.llvm.clang.1_0;
				INFOPLIST_FILE = "$(SRCROOT)/source/ARBrowser/ARBrowser-Info.plist";
				INSTALL_PATH = "$(LOCAL_APPS_DIR)";
				IPHONEOS_DEPLOYMENT_TARGET = 6.0;
				OTHER_CFLAGS = "-marm";
				PRODUCT_NAME = "$(TARGET_NAME)";
				TARGETED_DEVICE_FAMILY = "1,2";
				WRAPPER_EXTENSION = app;
			};
			name = Debug;
		};
		7E2336D8134AD1FF00BEFB33 /* Release */ = {
			isa = XCBuildConfiguration;
			baseConfigurationReference = 7E7C050017E42E300087836F /* transform-flow-browser-ios.xcconfig */;
			buildSettings = {
				ALWAYS_SEARCH_USER_PATHS = NO;
				COPY_PHASE_STRIP = YES;
				GCC_PRECOMPILE_PREFIX_HEADER = YES;
				GCC_PREFIX_HEADER = "source/ARBrowser/ARBrowser-Prefix.pch";
				GCC_THUMB_SUPPORT = NO;
				GCC_VERSION = com.apple.compilers.llvm.clang.1_0;
				INFOPLIST_FILE = "$(SRCROOT)/source/ARBrowser/ARBrowser-Info.plist";
				INSTALL_PATH = "$(LOCAL_APPS_DIR)";
				IPHONEOS_DEPLOYMENT_TARGET = 6.0;
				OTHER_CFLAGS = (
					"-DNS_BLOCK_ASSERTIONS=1",
					"-marm",
				);
				PRODUCT_NAME = "$(TARGET_NAME)";
				TARGETED_DEVICE_FAMILY = "1,2";
				VALIDATE_PRODUCT = YES;
				WRAPPER_EXTENSION = app;
			};
			name = Release;
		};
/* End XCBuildConfiguration section */

/* Begin XCConfigurationList section */
		7E2336AF134AD1FF00BEFB33 /* Build configuration list for PBXProject "ARBrowser" */ = {
			isa = XCConfigurationList;
			buildConfigurations = (
				7E2336D4134AD1FF00BEFB33 /* Debug */,
				7E2336D5134AD1FF00BEFB33 /* Release */,
			);
			defaultConfigurationIsVisible = 0;
			defaultConfigurationName = Release;
		};
		7E2336D6134AD1FF00BEFB33 /* Build configuration list for PBXNativeTarget "ARBrowser" */ = {
			isa = XCConfigurationList;
			buildConfigurations = (
				7E2336D7134AD1FF00BEFB33 /* Debug */,
				7E2336D8134AD1FF00BEFB33 /* Release */,
			);
			defaultConfigurationIsVisible = 0;
			defaultConfigurationName = Release;
		};
/* End XCConfigurationList section */
	};
	rootObject = 7E2336AC134AD1FF00BEFB33 /* Project object */;
}
